
Microsoft Visual Studio Solution File, Format Version 12.00
# Visual Studio Version 16
VisualStudioVersion = 16.0.31019.35
MinimumVisualStudioVersion = 10.0.40219.1
Project("{FAE04EC0-301F-11D3-BF4B-00C04F79EFBC}") = "URImedia", "URImedia\URImedia.csproj", "{F52E192C-ADE9-4790-9EA2-B54C92C3A317}"
EndProject
Global
	GlobalSection(SolutionConfigurationPlatforms) = preSolution
		Debug|Any CPU = Debug|Any CPU
		Release|Any CPU = Release|Any CPU
	EndGlobalSection
	GlobalSection(ProjectConfigurationPlatforms) = postSolution
		{F52E192C-ADE9-4790-9EA2-B54C92C3A317}.Debug|Any CPU.ActiveCfg = Debug|Any CPU
		{F52E192C-ADE9-4790-9EA2-B54C92C3A317}.Debug|Any CPU.Build.0 = Debug|Any CPU
		{F52E192C-ADE9-4790-9EA2-B54C92C3A317}.Release|Any CPU.ActiveCfg = Release|Any CPU
		{F52E192C-ADE9-4790-9EA2-B54C92C3A317}.Release|Any CPU.Build.0 = Release|Any CPU
	EndGlobalSection
	GlobalSection(SolutionProperties) = preSolution
		HideSolutionNode = FALSE
	EndGlobalSection
	GlobalSection(ExtensibilityGlobals) = postSolution
		SolutionGuid = {C6954B53-3A61-47A2-B671-8ADCF5D6647C}
	EndGlobalSection
EndGlobal
